[spn]
version = "1.0.0"
commit = "00c0fa98"

[[dep]]
name = "spader/sp"
version = "3.2.0"
commit = "7445c2ad28f988406c349ed466a2ecdb87ac8e28"
kind = "index"
source_url = "https://github.com/tspader/sp.git"
source_rev = "7445c2ad28f988406c349ed466a2ecdb87ac8e28"
manifest_url = "git@github.com:tspader/spam.git"
manifest_rev = "e400e4f4fff3155b47972ca567f2e084c6f8dc4c"
manifest_dir = "sp"
manifest_file = "spn.toml"
script_file = "spn.c"

